
Microsoft Visual Studio Solution File, Format Version 12.00
# Visual Studio Version 16
VisualStudioVersion = 16.0.29326.143
MinimumVisualStudioVersion = 10.0.40219.1
Project("{FAE04EC0-301F-11D3-BF4B-00C04F79EFBC}") = "wpf-prism-practice", "wpf-prism-practice\wpf-prism-practice.csproj", "{C15501C1-BA34-483B-B5E9-88F01CF84AB9}"
EndProject
Global
	GlobalSection(SolutionConfigurationPlatforms) = preSolution
		Debug|Any CPU = Debug|Any CPU
		Release|Any CPU = Release|Any CPU
	EndGlobalSection
	GlobalSection(ProjectConfigurationPlatforms) = postSolution
		{C15501C1-BA34-483B-B5E9-88F01CF84AB9}.Debug|Any CPU.ActiveCfg = Debug|Any CPU
		{C15501C1-BA34-483B-B5E9-88F01CF84AB9}.Debug|Any CPU.Build.0 = Debug|Any CPU
		{C15501C1-BA34-483B-B5E9-88F01CF84AB9}.Release|Any CPU.ActiveCfg = Release|Any CPU
		{C15501C1-BA34-483B-B5E9-88F01CF84AB9}.Release|Any CPU.Build.0 = Release|Any CPU
	EndGlobalSection
	GlobalSection(SolutionProperties) = preSolution
		HideSolutionNode = FALSE
	EndGlobalSection
	GlobalSection(ExtensibilityGlobals) = postSolution
		SolutionGuid = {BAF95190-B1DF-4CE0-BCF6-65F9DE2B775B}
	EndGlobalSection
EndGlobal
